
Microsoft Visual Studio Solution File, Format Version 12.00
# Visual Studio Version 17
VisualStudioVersion = 17.5.33516.290
MinimumVisualStudioVersion = 10.0.40219.1
Project("{FAE04EC0-301F-11D3-BF4B-00C04F79EFBC}") = "Koutye", "Koutye\Koutye.csproj", "{8681944F-57DB-42FA-9A95-32EB815E5F95}"
EndProject
Global
	GlobalSection(SolutionConfigurationPlatforms) = preSolution
		Debug|Any CPU = Debug|Any CPU
		Release|Any CPU = Release|Any CPU
	EndGlobalSection
	GlobalSection(ProjectConfigurationPlatforms) = postSolution
		{8681944F-57DB-42FA-9A95-32EB815E5F95}.Debug|Any CPU.ActiveCfg = Debug|Any CPU
		{8681944F-57DB-42FA-9A95-32EB815E5F95}.Debug|Any CPU.Build.0 = Debug|Any CPU
		{8681944F-57DB-42FA-9A95-32EB815E5F95}.Release|Any CPU.ActiveCfg = Release|Any CPU
		{8681944F-57DB-42FA-9A95-32EB815E5F95}.Release|Any CPU.Build.0 = Release|Any CPU
	EndGlobalSection
	GlobalSection(SolutionProperties) = preSolution
		HideSolutionNode = FALSE
	EndGlobalSection
	GlobalSection(ExtensibilityGlobals) = postSolution
		SolutionGuid = {F2557852-ACAC-424F-963C-634859CE21FD}
	EndGlobalSection
EndGlobal
